
Microsoft Visual Studio Solution File, Format Version 12.00
# Visual Studio Version 16
VisualStudioVersion = 16.0.31321.278
MinimumVisualStudioVersion = 10.0.40219.1
Project("{FAE04EC0-301F-11D3-BF4B-00C04F79EFBC}") = "GuildCars.UI", "GuildCars.UI\GuildCars.UI.csproj", "{D953A6AD-F410-481F-B4DF-74148AAADC28}"
EndProject
Project("{FAE04EC0-301F-11D3-BF4B-00C04F79EFBC}") = "GuildCars.Models", "GuildCars.Models\GuildCars.Models.csproj", "{351C0439-4D6C-40EB-A289-3EAEA628E859}"
EndProject
Project("{FAE04EC0-301F-11D3-BF4B-00C04F79EFBC}") = "GuildCars.Data", "GuildCars.Data\GuildCars.Data.csproj", "{AC3E2BEC-C356-48AF-9405-27C2C53CACD3}"
EndProject
Project("{FAE04EC0-301F-11D3-BF4B-00C04F79EFBC}") = "GuildCars.Tests", "GuildCars.Tests\GuildCars.Tests.csproj", "{136A87C8-3E47-4652-B333-26997C2CBE14}"
EndProject
Global
	GlobalSection(SolutionConfigurationPlatforms) = preSolution
		Debug|Any CPU = Debug|Any CPU
		Release|Any CPU = Release|Any CPU
	EndGlobalSection
	GlobalSection(ProjectConfigurationPlatforms) = postSolution
		{D953A6AD-F410-481F-B4DF-74148AAADC28}.Debug|Any CPU.ActiveCfg = Debug|Any CPU
		{D953A6AD-F410-481F-B4DF-74148AAADC28}.Debug|Any CPU.Build.0 = Debug|Any CPU
		{D953A6AD-F410-481F-B4DF-74148AAADC28}.Release|Any CPU.ActiveCfg = Release|Any CPU
		{D953A6AD-F410-481F-B4DF-74148AAADC28}.Release|Any CPU.Build.0 = Release|Any CPU
		{351C0439-4D6C-40EB-A289-3EAEA628E859}.Debug|Any CPU.ActiveCfg = Debug|Any CPU
		{351C0439-4D6C-40EB-A289-3EAEA628E859}.Debug|Any CPU.Build.0 = Debug|Any CPU
		{351C0439-4D6C-40EB-A289-3EAEA628E859}.Release|Any CPU.ActiveCfg = Release|Any CPU
		{351C0439-4D6C-40EB-A289-3EAEA628E859}.Release|Any CPU.Build.0 = Release|Any CPU
		{AC3E2BEC-C356-48AF-9405-27C2C53CACD3}.Debug|Any CPU.ActiveCfg = Debug|Any CPU
		{AC3E2BEC-C356-48AF-9405-27C2C53CACD3}.Debug|Any CPU.Build.0 = Debug|Any CPU
		{AC3E2BEC-C356-48AF-9405-27C2C53CACD3}.Release|Any CPU.ActiveCfg = Release|Any CPU
		{AC3E2BEC-C356-48AF-9405-27C2C53CACD3}.Release|Any CPU.Build.0 = Release|Any CPU
		{136A87C8-3E47-4652-B333-26997C2CBE14}.Debug|Any CPU.ActiveCfg = Debug|Any CPU
		{136A87C8-3E47-4652-B333-26997C2CBE14}.Debug|Any CPU.Build.0 = Debug|Any CPU
		{136A87C8-3E47-4652-B333-26997C2CBE14}.Release|Any CPU.ActiveCfg = Release|Any CPU
		{136A87C8-3E47-4652-B333-26997C2CBE14}.Release|Any CPU.Build.0 = Release|Any CPU
	EndGlobalSection
	GlobalSection(SolutionProperties) = preSolution
		HideSolutionNode = FALSE
	EndGlobalSection
	GlobalSection(ExtensibilityGlobals) = postSolution
		SolutionGuid = {7E78AE9E-927B-4902-94E4-04D5BF5FB5B6}
	EndGlobalSection
EndGlobal
